
Microsoft Visual Studio Solution File, Format Version 12.00
# Visual Studio Version 17
VisualStudioVersion = 17.8.34525.116
MinimumVisualStudioVersion = 10.0.40219.1
Project("{9A19103F-16F7-4668-BE54-9A1E7A4F7556}") = "HMSection", "HMSection\HMSection.csproj", "{5E25D6B9-6273-4CA7-98BC-5159C661869E}"
EndProject
Global
	GlobalSection(SolutionConfigurationPlatforms) = preSolution
		Debug|Any CPU = Debug|Any CPU
		release_0.6.0|Any CPU = release_0.6.0|Any CPU
		Release|Any CPU = Release|Any CPU
	EndGlobalSection
	GlobalSection(ProjectConfigurationPlatforms) = postSolution
		{5E25D6B9-6273-4CA7-98BC-5159C661869E}.Debug|Any CPU.ActiveCfg = Debug|Any CPU
		{5E25D6B9-6273-4CA7-98BC-5159C661869E}.Debug|Any CPU.Build.0 = Debug|Any CPU
		{5E25D6B9-6273-4CA7-98BC-5159C661869E}.release_0.6.0|Any CPU.ActiveCfg = release_0.6.0|Any CPU
		{5E25D6B9-6273-4CA7-98BC-5159C661869E}.release_0.6.0|Any CPU.Build.0 = release_0.6.0|Any CPU
		{5E25D6B9-6273-4CA7-98BC-5159C661869E}.Release|Any CPU.ActiveCfg = Release|Any CPU
		{5E25D6B9-6273-4CA7-98BC-5159C661869E}.Release|Any CPU.Build.0 = Release|Any CPU
	EndGlobalSection
	GlobalSection(SolutionProperties) = preSolution
		HideSolutionNode = FALSE
	EndGlobalSection
	GlobalSection(ExtensibilityGlobals) = postSolution
		SolutionGuid = {15172752-2C7B-4709-9020-262808EE5C62}
	EndGlobalSection
EndGlobal
